
Microsoft Visual Studio Solution File, Format Version 12.00
# Visual Studio 15
VisualStudioVersion = 15.0.28010.2026
MinimumVisualStudioVersion = 10.0.40219.1
Project("{FAE04EC0-301F-11D3-BF4B-00C04F79EFBC}") = "SosyalYardimProje", "SosyalYardimProje\SosyalYardimProje.csproj", "{3FE063B0-2467-4619-BF87-0FA0A013F769}"
EndProject
Project("{FAE04EC0-301F-11D3-BF4B-00C04F79EFBC}") = "BusinessLayer", "BusinessLayer\BusinessLayer.csproj", "{1D81BE12-788A-4674-89E0-E92F6247E1D6}"
EndProject
Project("{FAE04EC0-301F-11D3-BF4B-00C04F79EFBC}") = "DataLayer", "DataLayer\DataLayer.csproj", "{6D8F5D9E-E8B1-4550-ABD1-FCA4066C9FB4}"
EndProject
Global
	GlobalSection(SolutionConfigurationPlatforms) = preSolution
		Debug|Any CPU = Debug|Any CPU
		Release|Any CPU = Release|Any CPU
	EndGlobalSection
	GlobalSection(ProjectConfigurationPlatforms) = postSolution
		{3FE063B0-2467-4619-BF87-0FA0A013F769}.Debug|Any CPU.ActiveCfg = Debug|Any CPU
		{3FE063B0-2467-4619-BF87-0FA0A013F769}.Debug|Any CPU.Build.0 = Debug|Any CPU
		{3FE063B0-2467-4619-BF87-0FA0A013F769}.Release|Any CPU.ActiveCfg = Release|Any CPU
		{3FE063B0-2467-4619-BF87-0FA0A013F769}.Release|Any CPU.Build.0 = Release|Any CPU
		{1D81BE12-788A-4674-89E0-E92F6247E1D6}.Debug|Any CPU.ActiveCfg = Debug|Any CPU
		{1D81BE12-788A-4674-89E0-E92F6247E1D6}.Debug|Any CPU.Build.0 = Debug|Any CPU
		{1D81BE12-788A-4674-89E0-E92F6247E1D6}.Release|Any CPU.ActiveCfg = Release|Any CPU
		{1D81BE12-788A-4674-89E0-E92F6247E1D6}.Release|Any CPU.Build.0 = Release|Any CPU
		{6D8F5D9E-E8B1-4550-ABD1-FCA4066C9FB4}.Debug|Any CPU.ActiveCfg = Debug|Any CPU
		{6D8F5D9E-E8B1-4550-ABD1-FCA4066C9FB4}.Debug|Any CPU.Build.0 = Debug|Any CPU
		{6D8F5D9E-E8B1-4550-ABD1-FCA4066C9FB4}.Release|Any CPU.ActiveCfg = Release|Any CPU
		{6D8F5D9E-E8B1-4550-ABD1-FCA4066C9FB4}.Release|Any CPU.Build.0 = Release|Any CPU
	EndGlobalSection
	GlobalSection(SolutionProperties) = preSolution
		HideSolutionNode = FALSE
	EndGlobalSection
	GlobalSection(ExtensibilityGlobals) = postSolution
		SolutionGuid = {9AEA3BC4-33B8-4B32-BBD8-F353237B9F2D}
	EndGlobalSection
EndGlobal
